
Microsoft Visual Studio Solution File, Format Version 12.00
# Visual Studio 15
VisualStudioVersion = 15.0.26430.12
MinimumVisualStudioVersion = 10.0.40219.1
Project("{D954291E-2A0B-460D-934E-DC6B0785DB48}") = "GreyHoundApp", "GreyHoundApp\GreyHoundApp\GreyHoundApp.shproj", "{C9348DDB-E829-4014-AF37-C7D3DCF9627B}"
EndProject
Project("{FAE04EC0-301F-11D3-BF4B-00C04F79EFBC}") = "GreyHoundApp.WPF", "GreyHoundApp\GreyHoundApp.WPF\GreyHoundApp.WPF.csproj", "{B790E374-5C86-4A75-B87C-C3346E9D1B7D}"
EndProject
Global
	GlobalSection(SharedMSBuildProjectFiles) = preSolution
		GreyHoundApp\GreyHoundApp\GreyHoundApp.projitems*{b790e374-5c86-4a75-b87c-c3346e9d1b7d}*SharedItemsImports = 4
		GreyHoundApp\GreyHoundApp\GreyHoundApp.projitems*{c9348ddb-e829-4014-af37-c7d3dcf9627b}*SharedItemsImports = 13
	EndGlobalSection
	GlobalSection(SolutionConfigurationPlatforms) = preSolution
		Debug|Any CPU = Debug|Any CPU
		Debug|ARM = Debug|ARM
		Debug|iPhone = Debug|iPhone
		Debug|iPhoneSimulator = Debug|iPhoneSimulator
		Debug|x64 = Debug|x64
		Debug|x86 = Debug|x86
		Release|Any CPU = Release|Any CPU
		Release|ARM = Release|ARM
		Release|iPhone = Release|iPhone
		Release|iPhoneSimulator = Release|iPhoneSimulator
		Release|x64 = Release|x64
		Release|x86 = Release|x86
	EndGlobalSection
	GlobalSection(ProjectConfigurationPlatforms) = postSolution
		{B790E374-5C86-4A75-B87C-C3346E9D1B7D}.Debug|Any CPU.ActiveCfg = Debug|Any CPU
		{B790E374-5C86-4A75-B87C-C3346E9D1B7D}.Debug|Any CPU.Build.0 = Debug|Any CPU
		{B790E374-5C86-4A75-B87C-C3346E9D1B7D}.Debug|ARM.ActiveCfg = Debug|Any CPU
		{B790E374-5C86-4A75-B87C-C3346E9D1B7D}.Debug|ARM.Build.0 = Debug|Any CPU
		{B790E374-5C86-4A75-B87C-C3346E9D1B7D}.Debug|iPhone.ActiveCfg = Debug|Any CPU
		{B790E374-5C86-4A75-B87C-C3346E9D1B7D}.Debug|iPhone.Build.0 = Debug|Any CPU
		{B790E374-5C86-4A75-B87C-C3346E9D1B7D}.Debug|iPhoneSimulator.ActiveCfg = Debug|Any CPU
		{B790E374-5C86-4A75-B87C-C3346E9D1B7D}.Debug|iPhoneSimulator.Build.0 = Debug|Any CPU
		{B790E374-5C86-4A75-B87C-C3346E9D1B7D}.Debug|x64.ActiveCfg = Debug|Any CPU
		{B790E374-5C86-4A75-B87C-C3346E9D1B7D}.Debug|x64.Build.0 = Debug|Any CPU
		{B790E374-5C86-4A75-B87C-C3346E9D1B7D}.Debug|x86.ActiveCfg = Debug|Any CPU
		{B790E374-5C86-4A75-B87C-C3346E9D1B7D}.Debug|x86.Build.0 = Debug|Any CPU
		{B790E374-5C86-4A75-B87C-C3346E9D1B7D}.Release|Any CPU.ActiveCfg = Release|Any CPU
		{B790E374-5C86-4A75-B87C-C3346E9D1B7D}.Release|Any CPU.Build.0 = Release|Any CPU
		{B790E374-5C86-4A75-B87C-C3346E9D1B7D}.Release|ARM.ActiveCfg = Release|Any CPU
		{B790E374-5C86-4A75-B87C-C3346E9D1B7D}.Release|ARM.Build.0 = Release|Any CPU
		{B790E374-5C86-4A75-B87C-C3346E9D1B7D}.Release|iPhone.ActiveCfg = Release|Any CPU
		{B790E374-5C86-4A75-B87C-C3346E9D1B7D}.Release|iPhone.Build.0 = Release|Any CPU
		{B790E374-5C86-4A75-B87C-C3346E9D1B7D}.Release|iPhoneSimulator.ActiveCfg = Release|Any CPU
		{B790E374-5C86-4A75-B87C-C3346E9D1B7D}.Release|iPhoneSimulator.Build.0 = Release|Any CPU
		{B790E374-5C86-4A75-B87C-C3346E9D1B7D}.Release|x64.ActiveCfg = Release|Any CPU
		{B790E374-5C86-4A75-B87C-C3346E9D1B7D}.Release|x64.Build.0 = Release|Any CPU
		{B790E374-5C86-4A75-B87C-C3346E9D1B7D}.Release|x86.ActiveCfg = Release|Any CPU
		{B790E374-5C86-4A75-B87C-C3346E9D1B7D}.Release|x86.Build.0 = Release|Any CPU
	EndGlobalSection
	GlobalSection(SolutionProperties) = preSolution
		HideSolutionNode = FALSE
	EndGlobalSection
EndGlobal
