
Microsoft Visual Studio Solution File, Format Version 12.00
# Visual Studio 15
VisualStudioVersion = 15.0.26430.6
MinimumVisualStudioVersion = 10.0.40219.1
Project("{FAE04EC0-301F-11D3-BF4B-00C04F79EFBC}") = "CGH_App.Android", "CGH_App\CGH_App.Android\CGH_App.Android.csproj", "{0C8E338F-25F3-4912-9508-75CB4371C57F}"
EndProject
Project("{FAE04EC0-301F-11D3-BF4B-00C04F79EFBC}") = "CGH_App.iOS", "CGH_App\CGH_App.iOS\CGH_App.iOS.csproj", "{8FD6572F-A60B-4B18-B364-F212E9BEA780}"
EndProject
Project("{FAE04EC0-301F-11D3-BF4B-00C04F79EFBC}") = "CGH_App.UWP", "CGH_App\CGH_App.UWP\CGH_App.UWP.csproj", "{23693C4B-548D-4F63-BCE0-530503D84B80}"
EndProject
Project("{D954291E-2A0B-460D-934E-DC6B0785DB48}") = "CGH_App", "CGH_App\CGH_App\CGH_App.shproj", "{2BF8F0A7-5963-4BFE-8331-73FD64CD6E60}"
EndProject
Project("{FAE04EC0-301F-11D3-BF4B-00C04F79EFBC}") = "CGH_App.WPF", "CGH_App\CGH_App.WPF\CGH_App.WPF.csproj", "{8D629789-B396-4792-8262-5B193427F52D}"
EndProject
Global
	GlobalSection(SharedMSBuildProjectFiles) = preSolution
		CGH_App\CGH_App\CGH_App.projitems*{2bf8f0a7-5963-4bfe-8331-73fd64cd6e60}*SharedItemsImports = 13
		CGH_App\CGH_App\CGH_App.projitems*{8d629789-b396-4792-8262-5b193427f52d}*SharedItemsImports = 4
	EndGlobalSection
	GlobalSection(SolutionConfigurationPlatforms) = preSolution
		Debug|Any CPU = Debug|Any CPU
		Debug|ARM = Debug|ARM
		Debug|iPhone = Debug|iPhone
		Debug|iPhoneSimulator = Debug|iPhoneSimulator
		Debug|x64 = Debug|x64
		Debug|x86 = Debug|x86
		Release|Any CPU = Release|Any CPU
		Release|ARM = Release|ARM
		Release|iPhone = Release|iPhone
		Release|iPhoneSimulator = Release|iPhoneSimulator
		Release|x64 = Release|x64
		Release|x86 = Release|x86
	EndGlobalSection
	GlobalSection(ProjectConfigurationPlatforms) = postSolution
		{0C8E338F-25F3-4912-9508-75CB4371C57F}.Debug|Any CPU.ActiveCfg = Debug|Any CPU
		{0C8E338F-25F3-4912-9508-75CB4371C57F}.Debug|Any CPU.Build.0 = Debug|Any CPU
		{0C8E338F-25F3-4912-9508-75CB4371C57F}.Debug|Any CPU.Deploy.0 = Debug|Any CPU
		{0C8E338F-25F3-4912-9508-75CB4371C57F}.Debug|ARM.ActiveCfg = Debug|Any CPU
		{0C8E338F-25F3-4912-9508-75CB4371C57F}.Debug|ARM.Build.0 = Debug|Any CPU
		{0C8E338F-25F3-4912-9508-75CB4371C57F}.Debug|ARM.Deploy.0 = Debug|Any CPU
		{0C8E338F-25F3-4912-9508-75CB4371C57F}.Debug|iPhone.ActiveCfg = Debug|Any CPU
		{0C8E338F-25F3-4912-9508-75CB4371C57F}.Debug|iPhone.Build.0 = Debug|Any CPU
		{0C8E338F-25F3-4912-9508-75CB4371C57F}.Debug|iPhone.Deploy.0 = Debug|Any CPU
		{0C8E338F-25F3-4912-9508-75CB4371C57F}.Debug|iPhoneSimulator.ActiveCfg = Debug|Any CPU
		{0C8E338F-25F3-4912-9508-75CB4371C57F}.Debug|iPhoneSimulator.Build.0 = Debug|Any CPU
		{0C8E338F-25F3-4912-9508-75CB4371C57F}.Debug|iPhoneSimulator.Deploy.0 = Debug|Any CPU
		{0C8E338F-25F3-4912-9508-75CB4371C57F}.Debug|x64.ActiveCfg = Debug|Any CPU
		{0C8E338F-25F3-4912-9508-75CB4371C57F}.Debug|x64.Build.0 = Debug|Any CPU
		{0C8E338F-25F3-4912-9508-75CB4371C57F}.Debug|x64.Deploy.0 = Debug|Any CPU
		{0C8E338F-25F3-4912-9508-75CB4371C57F}.Debug|x86.ActiveCfg = Debug|Any CPU
		{0C8E338F-25F3-4912-9508-75CB4371C57F}.Debug|x86.Build.0 = Debug|Any CPU
		{0C8E338F-25F3-4912-9508-75CB4371C57F}.Debug|x86.Deploy.0 = Debug|Any CPU
		{0C8E338F-25F3-4912-9508-75CB4371C57F}.Release|Any CPU.ActiveCfg = Release|Any CPU
		{0C8E338F-25F3-4912-9508-75CB4371C57F}.Release|Any CPU.Build.0 = Release|Any CPU
		{0C8E338F-25F3-4912-9508-75CB4371C57F}.Release|Any CPU.Deploy.0 = Release|Any CPU
		{0C8E338F-25F3-4912-9508-75CB4371C57F}.Release|ARM.ActiveCfg = Release|Any CPU
		{0C8E338F-25F3-4912-9508-75CB4371C57F}.Release|ARM.Build.0 = Release|Any CPU
		{0C8E338F-25F3-4912-9508-75CB4371C57F}.Release|ARM.Deploy.0 = Release|Any CPU
		{0C8E338F-25F3-4912-9508-75CB4371C57F}.Release|iPhone.ActiveCfg = Release|Any CPU
		{0C8E338F-25F3-4912-9508-75CB4371C57F}.Release|iPhone.Build.0 = Release|Any CPU
		{0C8E338F-25F3-4912-9508-75CB4371C57F}.Release|iPhone.Deploy.0 = Release|Any CPU
		{0C8E338F-25F3-4912-9508-75CB4371C57F}.Release|iPhoneSimulator.ActiveCfg = Release|Any CPU
		{0C8E338F-25F3-4912-9508-75CB4371C57F}.Release|iPhoneSimulator.Build.0 = Release|Any CPU
		{0C8E338F-25F3-4912-9508-75CB4371C57F}.Release|iPhoneSimulator.Deploy.0 = Release|Any CPU
		{0C8E338F-25F3-4912-9508-75CB4371C57F}.Release|x64.ActiveCfg = Release|Any CPU
		{0C8E338F-25F3-4912-9508-75CB4371C57F}.Release|x64.Build.0 = Release|Any CPU
		{0C8E338F-25F3-4912-9508-75CB4371C57F}.Release|x64.Deploy.0 = Release|Any CPU
		{0C8E338F-25F3-4912-9508-75CB4371C57F}.Release|x86.ActiveCfg = Release|Any CPU
		{0C8E338F-25F3-4912-9508-75CB4371C57F}.Release|x86.Build.0 = Release|Any CPU
		{0C8E338F-25F3-4912-9508-75CB4371C57F}.Release|x86.Deploy.0 = Release|Any CPU
		{8FD6572F-A60B-4B18-B364-F212E9BEA780}.Debug|Any CPU.ActiveCfg = Debug|iPhone
		{8FD6572F-A60B-4B18-B364-F212E9BEA780}.Debug|ARM.ActiveCfg = Debug|iPhone
		{8FD6572F-A60B-4B18-B364-F212E9BEA780}.Debug|iPhone.ActiveCfg = Debug|iPhone
		{8FD6572F-A60B-4B18-B364-F212E9BEA780}.Debug|iPhone.Build.0 = Debug|iPhone
		{8FD6572F-A60B-4B18-B364-F212E9BEA780}.Debug|iPhoneSimulator.ActiveCfg = Debug|iPhoneSimulator
		{8FD6572F-A60B-4B18-B364-F212E9BEA780}.Debug|iPhoneSimulator.Build.0 = Debug|iPhoneSimulator
		{8FD6572F-A60B-4B18-B364-F212E9BEA780}.Debug|x64.ActiveCfg = Debug|iPhone
		{8FD6572F-A60B-4B18-B364-F212E9BEA780}.Debug|x86.ActiveCfg = Debug|iPhone
		{8FD6572F-A60B-4B18-B364-F212E9BEA780}.Release|Any CPU.ActiveCfg = Release|iPhone
		{8FD6572F-A60B-4B18-B364-F212E9BEA780}.Release|ARM.ActiveCfg = Release|iPhone
		{8FD6572F-A60B-4B18-B364-F212E9BEA780}.Release|iPhone.ActiveCfg = Release|iPhone
		{8FD6572F-A60B-4B18-B364-F212E9BEA780}.Release|iPhone.Build.0 = Release|iPhone
		{8FD6572F-A60B-4B18-B364-F212E9BEA780}.Release|iPhoneSimulator.ActiveCfg = Release|iPhoneSimulator
		{8FD6572F-A60B-4B18-B364-F212E9BEA780}.Release|iPhoneSimulator.Build.0 = Release|iPhoneSimulator
		{8FD6572F-A60B-4B18-B364-F212E9BEA780}.Release|x64.ActiveCfg = Release|iPhone
		{8FD6572F-A60B-4B18-B364-F212E9BEA780}.Release|x86.ActiveCfg = Release|iPhone
		{23693C4B-548D-4F63-BCE0-530503D84B80}.Debug|Any CPU.ActiveCfg = Debug|x86
		{23693C4B-548D-4F63-BCE0-530503D84B80}.Debug|ARM.ActiveCfg = Debug|ARM
		{23693C4B-548D-4F63-BCE0-530503D84B80}.Debug|ARM.Build.0 = Debug|ARM
		{23693C4B-548D-4F63-BCE0-530503D84B80}.Debug|ARM.Deploy.0 = Debug|ARM
		{23693C4B-548D-4F63-BCE0-530503D84B80}.Debug|iPhone.ActiveCfg = Debug|x86
		{23693C4B-548D-4F63-BCE0-530503D84B80}.Debug|iPhoneSimulator.ActiveCfg = Debug|x86
		{23693C4B-548D-4F63-BCE0-530503D84B80}.Debug|x64.ActiveCfg = Debug|x64
		{23693C4B-548D-4F63-BCE0-530503D84B80}.Debug|x64.Build.0 = Debug|x64
		{23693C4B-548D-4F63-BCE0-530503D84B80}.Debug|x64.Deploy.0 = Debug|x64
		{23693C4B-548D-4F63-BCE0-530503D84B80}.Debug|x86.ActiveCfg = Debug|x86
		{23693C4B-548D-4F63-BCE0-530503D84B80}.Debug|x86.Build.0 = Debug|x86
		{23693C4B-548D-4F63-BCE0-530503D84B80}.Debug|x86.Deploy.0 = Debug|x86
		{23693C4B-548D-4F63-BCE0-530503D84B80}.Release|Any CPU.ActiveCfg = Release|x86
		{23693C4B-548D-4F63-BCE0-530503D84B80}.Release|ARM.ActiveCfg = Release|ARM
		{23693C4B-548D-4F63-BCE0-530503D84B80}.Release|ARM.Build.0 = Release|ARM
		{23693C4B-548D-4F63-BCE0-530503D84B80}.Release|ARM.Deploy.0 = Release|ARM
		{23693C4B-548D-4F63-BCE0-530503D84B80}.Release|iPhone.ActiveCfg = Release|x86
		{23693C4B-548D-4F63-BCE0-530503D84B80}.Release|iPhoneSimulator.ActiveCfg = Release|x86
		{23693C4B-548D-4F63-BCE0-530503D84B80}.Release|x64.ActiveCfg = Release|x64
		{23693C4B-548D-4F63-BCE0-530503D84B80}.Release|x64.Build.0 = Release|x64
		{23693C4B-548D-4F63-BCE0-530503D84B80}.Release|x64.Deploy.0 = Release|x64
		{23693C4B-548D-4F63-BCE0-530503D84B80}.Release|x86.ActiveCfg = Release|x86
		{23693C4B-548D-4F63-BCE0-530503D84B80}.Release|x86.Build.0 = Release|x86
		{23693C4B-548D-4F63-BCE0-530503D84B80}.Release|x86.Deploy.0 = Release|x86
		{8D629789-B396-4792-8262-5B193427F52D}.Debug|Any CPU.ActiveCfg = Debug|Any CPU
		{8D629789-B396-4792-8262-5B193427F52D}.Debug|Any CPU.Build.0 = Debug|Any CPU
		{8D629789-B396-4792-8262-5B193427F52D}.Debug|ARM.ActiveCfg = Debug|Any CPU
		{8D629789-B396-4792-8262-5B193427F52D}.Debug|ARM.Build.0 = Debug|Any CPU
		{8D629789-B396-4792-8262-5B193427F52D}.Debug|iPhone.ActiveCfg = Debug|Any CPU
		{8D629789-B396-4792-8262-5B193427F52D}.Debug|iPhone.Build.0 = Debug|Any CPU
		{8D629789-B396-4792-8262-5B193427F52D}.Debug|iPhoneSimulator.ActiveCfg = Debug|Any CPU
		{8D629789-B396-4792-8262-5B193427F52D}.Debug|iPhoneSimulator.Build.0 = Debug|Any CPU
		{8D629789-B396-4792-8262-5B193427F52D}.Debug|x64.ActiveCfg = Debug|Any CPU
		{8D629789-B396-4792-8262-5B193427F52D}.Debug|x64.Build.0 = Debug|Any CPU
		{8D629789-B396-4792-8262-5B193427F52D}.Debug|x86.ActiveCfg = Debug|Any CPU
		{8D629789-B396-4792-8262-5B193427F52D}.Debug|x86.Build.0 = Debug|Any CPU
		{8D629789-B396-4792-8262-5B193427F52D}.Release|Any CPU.ActiveCfg = Release|Any CPU
		{8D629789-B396-4792-8262-5B193427F52D}.Release|Any CPU.Build.0 = Release|Any CPU
		{8D629789-B396-4792-8262-5B193427F52D}.Release|ARM.ActiveCfg = Release|Any CPU
		{8D629789-B396-4792-8262-5B193427F52D}.Release|ARM.Build.0 = Release|Any CPU
		{8D629789-B396-4792-8262-5B193427F52D}.Release|iPhone.ActiveCfg = Release|Any CPU
		{8D629789-B396-4792-8262-5B193427F52D}.Release|iPhone.Build.0 = Release|Any CPU
		{8D629789-B396-4792-8262-5B193427F52D}.Release|iPhoneSimulator.ActiveCfg = Release|Any CPU
		{8D629789-B396-4792-8262-5B193427F52D}.Release|iPhoneSimulator.Build.0 = Release|Any CPU
		{8D629789-B396-4792-8262-5B193427F52D}.Release|x64.ActiveCfg = Release|Any CPU
		{8D629789-B396-4792-8262-5B193427F52D}.Release|x64.Build.0 = Release|Any CPU
		{8D629789-B396-4792-8262-5B193427F52D}.Release|x86.ActiveCfg = Release|Any CPU
		{8D629789-B396-4792-8262-5B193427F52D}.Release|x86.Build.0 = Release|Any CPU
	EndGlobalSection
	GlobalSection(SolutionProperties) = preSolution
		HideSolutionNode = FALSE
	EndGlobalSection
EndGlobal
