
Microsoft Visual Studio Solution File, Format Version 12.00
# Visual Studio 15
VisualStudioVersion = 15.0.26430.12
MinimumVisualStudioVersion = 10.0.40219.1
Project("{FAE04EC0-301F-11D3-BF4B-00C04F79EFBC}") = "DSED05_App.Android", "DSED05_App\DSED05_App.Android\DSED05_App.Android.csproj", "{7BCF2F97-8FDD-4BC2-BFB0-B48188A142F0}"
EndProject
Project("{FAE04EC0-301F-11D3-BF4B-00C04F79EFBC}") = "DSED05_App.iOS", "DSED05_App\DSED05_App.iOS\DSED05_App.iOS.csproj", "{25125011-BD28-4A8E-B8A8-546BFD213714}"
EndProject
Project("{FAE04EC0-301F-11D3-BF4B-00C04F79EFBC}") = "DSED05_App.UWP", "DSED05_App\DSED05_App.UWP\DSED05_App.UWP.csproj", "{C66C39E8-E8DE-455E-B97C-8C6147723C84}"
EndProject
Project("{D954291E-2A0B-460D-934E-DC6B0785DB48}") = "DSED05_App", "DSED05_App\DSED05_App\DSED05_App.shproj", "{BE36A6A8-146D-44F9-A1B3-7E03688289E8}"
EndProject
Project("{FAE04EC0-301F-11D3-BF4B-00C04F79EFBC}") = "DSED05_App.WPF", "DSED05_App\DSED05_App.WPF\DSED05_App.WPF.csproj", "{E251E991-C89C-4739-A0FE-9DA8598F47CA}"
EndProject
Global
	GlobalSection(SharedMSBuildProjectFiles) = preSolution
		DSED05_App\DSED05_App\DSED05_App.projitems*{be36a6a8-146d-44f9-a1b3-7e03688289e8}*SharedItemsImports = 13
	EndGlobalSection
	GlobalSection(SolutionConfigurationPlatforms) = preSolution
		Debug|Any CPU = Debug|Any CPU
		Debug|ARM = Debug|ARM
		Debug|iPhone = Debug|iPhone
		Debug|iPhoneSimulator = Debug|iPhoneSimulator
		Debug|x64 = Debug|x64
		Debug|x86 = Debug|x86
		Release|Any CPU = Release|Any CPU
		Release|ARM = Release|ARM
		Release|iPhone = Release|iPhone
		Release|iPhoneSimulator = Release|iPhoneSimulator
		Release|x64 = Release|x64
		Release|x86 = Release|x86
	EndGlobalSection
	GlobalSection(ProjectConfigurationPlatforms) = postSolution
		{7BCF2F97-8FDD-4BC2-BFB0-B48188A142F0}.Debug|Any CPU.ActiveCfg = Debug|Any CPU
		{7BCF2F97-8FDD-4BC2-BFB0-B48188A142F0}.Debug|Any CPU.Build.0 = Debug|Any CPU
		{7BCF2F97-8FDD-4BC2-BFB0-B48188A142F0}.Debug|Any CPU.Deploy.0 = Debug|Any CPU
		{7BCF2F97-8FDD-4BC2-BFB0-B48188A142F0}.Debug|ARM.ActiveCfg = Debug|Any CPU
		{7BCF2F97-8FDD-4BC2-BFB0-B48188A142F0}.Debug|ARM.Build.0 = Debug|Any CPU
		{7BCF2F97-8FDD-4BC2-BFB0-B48188A142F0}.Debug|ARM.Deploy.0 = Debug|Any CPU
		{7BCF2F97-8FDD-4BC2-BFB0-B48188A142F0}.Debug|iPhone.ActiveCfg = Debug|Any CPU
		{7BCF2F97-8FDD-4BC2-BFB0-B48188A142F0}.Debug|iPhone.Build.0 = Debug|Any CPU
		{7BCF2F97-8FDD-4BC2-BFB0-B48188A142F0}.Debug|iPhone.Deploy.0 = Debug|Any CPU
		{7BCF2F97-8FDD-4BC2-BFB0-B48188A142F0}.Debug|iPhoneSimulator.ActiveCfg = Debug|Any CPU
		{7BCF2F97-8FDD-4BC2-BFB0-B48188A142F0}.Debug|iPhoneSimulator.Build.0 = Debug|Any CPU
		{7BCF2F97-8FDD-4BC2-BFB0-B48188A142F0}.Debug|iPhoneSimulator.Deploy.0 = Debug|Any CPU
		{7BCF2F97-8FDD-4BC2-BFB0-B48188A142F0}.Debug|x64.ActiveCfg = Debug|Any CPU
		{7BCF2F97-8FDD-4BC2-BFB0-B48188A142F0}.Debug|x64.Build.0 = Debug|Any CPU
		{7BCF2F97-8FDD-4BC2-BFB0-B48188A142F0}.Debug|x64.Deploy.0 = Debug|Any CPU
		{7BCF2F97-8FDD-4BC2-BFB0-B48188A142F0}.Debug|x86.ActiveCfg = Debug|Any CPU
		{7BCF2F97-8FDD-4BC2-BFB0-B48188A142F0}.Debug|x86.Build.0 = Debug|Any CPU
		{7BCF2F97-8FDD-4BC2-BFB0-B48188A142F0}.Debug|x86.Deploy.0 = Debug|Any CPU
		{7BCF2F97-8FDD-4BC2-BFB0-B48188A142F0}.Release|Any CPU.ActiveCfg = Release|Any CPU
		{7BCF2F97-8FDD-4BC2-BFB0-B48188A142F0}.Release|Any CPU.Build.0 = Release|Any CPU
		{7BCF2F97-8FDD-4BC2-BFB0-B48188A142F0}.Release|Any CPU.Deploy.0 = Release|Any CPU
		{7BCF2F97-8FDD-4BC2-BFB0-B48188A142F0}.Release|ARM.ActiveCfg = Release|Any CPU
		{7BCF2F97-8FDD-4BC2-BFB0-B48188A142F0}.Release|ARM.Build.0 = Release|Any CPU
		{7BCF2F97-8FDD-4BC2-BFB0-B48188A142F0}.Release|ARM.Deploy.0 = Release|Any CPU
		{7BCF2F97-8FDD-4BC2-BFB0-B48188A142F0}.Release|iPhone.ActiveCfg = Release|Any CPU
		{7BCF2F97-8FDD-4BC2-BFB0-B48188A142F0}.Release|iPhone.Build.0 = Release|Any CPU
		{7BCF2F97-8FDD-4BC2-BFB0-B48188A142F0}.Release|iPhone.Deploy.0 = Release|Any CPU
		{7BCF2F97-8FDD-4BC2-BFB0-B48188A142F0}.Release|iPhoneSimulator.ActiveCfg = Release|Any CPU
		{7BCF2F97-8FDD-4BC2-BFB0-B48188A142F0}.Release|iPhoneSimulator.Build.0 = Release|Any CPU
		{7BCF2F97-8FDD-4BC2-BFB0-B48188A142F0}.Release|iPhoneSimulator.Deploy.0 = Release|Any CPU
		{7BCF2F97-8FDD-4BC2-BFB0-B48188A142F0}.Release|x64.ActiveCfg = Release|Any CPU
		{7BCF2F97-8FDD-4BC2-BFB0-B48188A142F0}.Release|x64.Build.0 = Release|Any CPU
		{7BCF2F97-8FDD-4BC2-BFB0-B48188A142F0}.Release|x64.Deploy.0 = Release|Any CPU
		{7BCF2F97-8FDD-4BC2-BFB0-B48188A142F0}.Release|x86.ActiveCfg = Release|Any CPU
		{7BCF2F97-8FDD-4BC2-BFB0-B48188A142F0}.Release|x86.Build.0 = Release|Any CPU
		{7BCF2F97-8FDD-4BC2-BFB0-B48188A142F0}.Release|x86.Deploy.0 = Release|Any CPU
		{25125011-BD28-4A8E-B8A8-546BFD213714}.Debug|Any CPU.ActiveCfg = Debug|iPhone
		{25125011-BD28-4A8E-B8A8-546BFD213714}.Debug|ARM.ActiveCfg = Debug|iPhone
		{25125011-BD28-4A8E-B8A8-546BFD213714}.Debug|iPhone.ActiveCfg = Debug|iPhone
		{25125011-BD28-4A8E-B8A8-546BFD213714}.Debug|iPhone.Build.0 = Debug|iPhone
		{25125011-BD28-4A8E-B8A8-546BFD213714}.Debug|iPhoneSimulator.ActiveCfg = Debug|iPhoneSimulator
		{25125011-BD28-4A8E-B8A8-546BFD213714}.Debug|iPhoneSimulator.Build.0 = Debug|iPhoneSimulator
		{25125011-BD28-4A8E-B8A8-546BFD213714}.Debug|x64.ActiveCfg = Debug|iPhone
		{25125011-BD28-4A8E-B8A8-546BFD213714}.Debug|x86.ActiveCfg = Debug|iPhone
		{25125011-BD28-4A8E-B8A8-546BFD213714}.Release|Any CPU.ActiveCfg = Release|iPhone
		{25125011-BD28-4A8E-B8A8-546BFD213714}.Release|ARM.ActiveCfg = Release|iPhone
		{25125011-BD28-4A8E-B8A8-546BFD213714}.Release|iPhone.ActiveCfg = Release|iPhone
		{25125011-BD28-4A8E-B8A8-546BFD213714}.Release|iPhone.Build.0 = Release|iPhone
		{25125011-BD28-4A8E-B8A8-546BFD213714}.Release|iPhoneSimulator.ActiveCfg = Release|iPhoneSimulator
		{25125011-BD28-4A8E-B8A8-546BFD213714}.Release|iPhoneSimulator.Build.0 = Release|iPhoneSimulator
		{25125011-BD28-4A8E-B8A8-546BFD213714}.Release|x64.ActiveCfg = Release|iPhone
		{25125011-BD28-4A8E-B8A8-546BFD213714}.Release|x86.ActiveCfg = Release|iPhone
		{C66C39E8-E8DE-455E-B97C-8C6147723C84}.Debug|Any CPU.ActiveCfg = Debug|x86
		{C66C39E8-E8DE-455E-B97C-8C6147723C84}.Debug|ARM.ActiveCfg = Debug|ARM
		{C66C39E8-E8DE-455E-B97C-8C6147723C84}.Debug|ARM.Build.0 = Debug|ARM
		{C66C39E8-E8DE-455E-B97C-8C6147723C84}.Debug|ARM.Deploy.0 = Debug|ARM
		{C66C39E8-E8DE-455E-B97C-8C6147723C84}.Debug|iPhone.ActiveCfg = Debug|x86
		{C66C39E8-E8DE-455E-B97C-8C6147723C84}.Debug|iPhoneSimulator.ActiveCfg = Debug|x86
		{C66C39E8-E8DE-455E-B97C-8C6147723C84}.Debug|x64.ActiveCfg = Debug|x64
		{C66C39E8-E8DE-455E-B97C-8C6147723C84}.Debug|x64.Build.0 = Debug|x64
		{C66C39E8-E8DE-455E-B97C-8C6147723C84}.Debug|x64.Deploy.0 = Debug|x64
		{C66C39E8-E8DE-455E-B97C-8C6147723C84}.Debug|x86.ActiveCfg = Debug|x86
		{C66C39E8-E8DE-455E-B97C-8C6147723C84}.Debug|x86.Build.0 = Debug|x86
		{C66C39E8-E8DE-455E-B97C-8C6147723C84}.Debug|x86.Deploy.0 = Debug|x86
		{C66C39E8-E8DE-455E-B97C-8C6147723C84}.Release|Any CPU.ActiveCfg = Release|x86
		{C66C39E8-E8DE-455E-B97C-8C6147723C84}.Release|ARM.ActiveCfg = Release|ARM
		{C66C39E8-E8DE-455E-B97C-8C6147723C84}.Release|ARM.Build.0 = Release|ARM
		{C66C39E8-E8DE-455E-B97C-8C6147723C84}.Release|ARM.Deploy.0 = Release|ARM
		{C66C39E8-E8DE-455E-B97C-8C6147723C84}.Release|iPhone.ActiveCfg = Release|x86
		{C66C39E8-E8DE-455E-B97C-8C6147723C84}.Release|iPhoneSimulator.ActiveCfg = Release|x86
		{C66C39E8-E8DE-455E-B97C-8C6147723C84}.Release|x64.ActiveCfg = Release|x64
		{C66C39E8-E8DE-455E-B97C-8C6147723C84}.Release|x64.Build.0 = Release|x64
		{C66C39E8-E8DE-455E-B97C-8C6147723C84}.Release|x64.Deploy.0 = Release|x64
		{C66C39E8-E8DE-455E-B97C-8C6147723C84}.Release|x86.ActiveCfg = Release|x86
		{C66C39E8-E8DE-455E-B97C-8C6147723C84}.Release|x86.Build.0 = Release|x86
		{C66C39E8-E8DE-455E-B97C-8C6147723C84}.Release|x86.Deploy.0 = Release|x86
		{E251E991-C89C-4739-A0FE-9DA8598F47CA}.Debug|Any CPU.ActiveCfg = Debug|Any CPU
		{E251E991-C89C-4739-A0FE-9DA8598F47CA}.Debug|Any CPU.Build.0 = Debug|Any CPU
		{E251E991-C89C-4739-A0FE-9DA8598F47CA}.Debug|ARM.ActiveCfg = Debug|Any CPU
		{E251E991-C89C-4739-A0FE-9DA8598F47CA}.Debug|ARM.Build.0 = Debug|Any CPU
		{E251E991-C89C-4739-A0FE-9DA8598F47CA}.Debug|iPhone.ActiveCfg = Debug|Any CPU
		{E251E991-C89C-4739-A0FE-9DA8598F47CA}.Debug|iPhone.Build.0 = Debug|Any CPU
		{E251E991-C89C-4739-A0FE-9DA8598F47CA}.Debug|iPhoneSimulator.ActiveCfg = Debug|Any CPU
		{E251E991-C89C-4739-A0FE-9DA8598F47CA}.Debug|iPhoneSimulator.Build.0 = Debug|Any CPU
		{E251E991-C89C-4739-A0FE-9DA8598F47CA}.Debug|x64.ActiveCfg = Debug|Any CPU
		{E251E991-C89C-4739-A0FE-9DA8598F47CA}.Debug|x64.Build.0 = Debug|Any CPU
		{E251E991-C89C-4739-A0FE-9DA8598F47CA}.Debug|x86.ActiveCfg = Debug|Any CPU
		{E251E991-C89C-4739-A0FE-9DA8598F47CA}.Debug|x86.Build.0 = Debug|Any CPU
		{E251E991-C89C-4739-A0FE-9DA8598F47CA}.Release|Any CPU.ActiveCfg = Release|Any CPU
		{E251E991-C89C-4739-A0FE-9DA8598F47CA}.Release|Any CPU.Build.0 = Release|Any CPU
		{E251E991-C89C-4739-A0FE-9DA8598F47CA}.Release|ARM.ActiveCfg = Release|Any CPU
		{E251E991-C89C-4739-A0FE-9DA8598F47CA}.Release|ARM.Build.0 = Release|Any CPU
		{E251E991-C89C-4739-A0FE-9DA8598F47CA}.Release|iPhone.ActiveCfg = Release|Any CPU
		{E251E991-C89C-4739-A0FE-9DA8598F47CA}.Release|iPhone.Build.0 = Release|Any CPU
		{E251E991-C89C-4739-A0FE-9DA8598F47CA}.Release|iPhoneSimulator.ActiveCfg = Release|Any CPU
		{E251E991-C89C-4739-A0FE-9DA8598F47CA}.Release|iPhoneSimulator.Build.0 = Release|Any CPU
		{E251E991-C89C-4739-A0FE-9DA8598F47CA}.Release|x64.ActiveCfg = Release|Any CPU
		{E251E991-C89C-4739-A0FE-9DA8598F47CA}.Release|x64.Build.0 = Release|Any CPU
		{E251E991-C89C-4739-A0FE-9DA8598F47CA}.Release|x86.ActiveCfg = Release|Any CPU
		{E251E991-C89C-4739-A0FE-9DA8598F47CA}.Release|x86.Build.0 = Release|Any CPU
	EndGlobalSection
	GlobalSection(SolutionProperties) = preSolution
		HideSolutionNode = FALSE
	EndGlobalSection
EndGlobal
